{
  "name": "coursetro-eth",
  "version": "1.0.0",
  "lockfileVersion": 1,
  "requires": true,
  "dependencies": {
    "jquery": {
      "version": "3.3.1",
      "resolved": "https://registry.npmjs.org/jquery/-/jquery-3.3.1.tgz",
      "integrity": "sha512-Ubldcmxp5np52/ENotGxlLe6aGMvmF4R8S6tZjsP6Knsaxd/xp3Zrh50cG93lR6nPXyUFwzN3ZSOQI0wRJNdGg=="
    },
    "web3": {
      "version": "github:ethereum/web3.js#804282da2d595f1a74ba7aa9a0eada70a9e05fa2",
      "from": "github:ethereum/web3.js",
      "dependencies": {
        "bignumber.js": {
          "version": "github:frozeman/bignumber.js-nolookahead#57692b3ecfc98bbdd6b3a516cb2353652ea49934",
          "from": "github:frozeman/bignumber.js-nolookahead#57692b3ecfc98bbdd6b3a516cb2353652ea49934"
        }
      }
    }
  }
}
